
Microsoft Visual Studio Solution File, Format Version 12.00
# Visual Studio Version 17
VisualStudioVersion = 17.2.32516.85
MinimumVisualStudioVersion = 10.0.40219.1
Project("{FAE04EC0-301F-11D3-BF4B-00C04F79EFBC}") = "MyFirstApp", "MyFirstApp\MyFirstApp.csproj", "{5B757CC1-4933-4BBD-A9F2-D8BD462136DB}"
EndProject
Project("{FAE04EC0-301F-11D3-BF4B-00C04F79EFBC}") = "MyFirstAppTests", "MyFirstAppTests\MyFirstAppTests.csproj", "{EE25EBBE-B796-4EB7-9B7D-EAB4C3A31139}"
EndProject
Global
	GlobalSection(SolutionConfigurationPlatforms) = preSolution
		Debug|Any CPU = Debug|Any CPU
		Release|Any CPU = Release|Any CPU
	EndGlobalSection
	GlobalSection(ProjectConfigurationPlatforms) = postSolution
		{5B757CC1-4933-4BBD-A9F2-D8BD462136DB}.Debug|Any CPU.ActiveCfg = Debug|Any CPU
		{5B757CC1-4933-4BBD-A9F2-D8BD462136DB}.Debug|Any CPU.Build.0 = Debug|Any CPU
		{5B757CC1-4933-4BBD-A9F2-D8BD462136DB}.Release|Any CPU.ActiveCfg = Release|Any CPU
		{5B757CC1-4933-4BBD-A9F2-D8BD462136DB}.Release|Any CPU.Build.0 = Release|Any CPU
		{EE25EBBE-B796-4EB7-9B7D-EAB4C3A31139}.Debug|Any CPU.ActiveCfg = Debug|Any CPU
		{EE25EBBE-B796-4EB7-9B7D-EAB4C3A31139}.Debug|Any CPU.Build.0 = Debug|Any CPU
		{EE25EBBE-B796-4EB7-9B7D-EAB4C3A31139}.Release|Any CPU.ActiveCfg = Release|Any CPU
		{EE25EBBE-B796-4EB7-9B7D-EAB4C3A31139}.Release|Any CPU.Build.0 = Release|Any CPU
	EndGlobalSection
	GlobalSection(SolutionProperties) = preSolution
		HideSolutionNode = FALSE
	EndGlobalSection
	GlobalSection(ExtensibilityGlobals) = postSolution
		SolutionGuid = {E8D2A5B8-F79A-4994-B617-4F2F0B5E90DC}
	EndGlobalSection
EndGlobal
