
Microsoft Visual Studio Solution File, Format Version 12.00
# Visual Studio Version 17
VisualStudioVersion = 17.2.32516.85
MinimumVisualStudioVersion = 10.0.40219.1
Project("{FAE04EC0-301F-11D3-BF4B-00C04F79EFBC}") = "Conditionals", "Conditionals\Conditionals.csproj", "{50453072-BA4E-49D7-9765-F912136F2D83}"
EndProject
Global
	GlobalSection(SolutionConfigurationPlatforms) = preSolution
		Debug|Any CPU = Debug|Any CPU
		Release|Any CPU = Release|Any CPU
	EndGlobalSection
	GlobalSection(ProjectConfigurationPlatforms) = postSolution
		{50453072-BA4E-49D7-9765-F912136F2D83}.Debug|Any CPU.ActiveCfg = Debug|Any CPU
		{50453072-BA4E-49D7-9765-F912136F2D83}.Debug|Any CPU.Build.0 = Debug|Any CPU
		{50453072-BA4E-49D7-9765-F912136F2D83}.Release|Any CPU.ActiveCfg = Release|Any CPU
		{50453072-BA4E-49D7-9765-F912136F2D83}.Release|Any CPU.Build.0 = Release|Any CPU
	EndGlobalSection
	GlobalSection(SolutionProperties) = preSolution
		HideSolutionNode = FALSE
	EndGlobalSection
	GlobalSection(ExtensibilityGlobals) = postSolution
		SolutionGuid = {CB7621F5-C324-4F45-A541-BFB2E903500D}
	EndGlobalSection
EndGlobal
